// !$*UTF8*$!
{
	archiveVersion = 1;
	classes = {
	};
	objectVersion = 46;
	objects = {

/* Begin PBXBuildFile section */
		8A6239791705B52B00A35499 /* Cocoa.framework in Frameworks */ = {isa = PBXBuildFile; fileRef = 8A6239781705B52B00A35499 /* Cocoa.framework */; };
		8A6239871705B52C00A35499 /* GBLaunchCounter.m in Sources */ = {isa = PBXBuildFile; fileRef = 8A6239861705B52C00A35499 /* GBLaunchCounter.m */; };
		8A6239AF1705B88F00A35499 /* GBToolbox.framework in Frameworks */ = {isa = PBXBuildFile; fileRef = 8A6239AC1705B86F00A35499 /* GBToolbox.framework */; };
		8A6239B01705B89100A35499 /* GBStorageController.framework in Frameworks */ = {isa = PBXBuildFile; fileRef = 8A62399A1705B57200A35499 /* GBStorageController.framework */; };
		8A6239FB1705BFB100A35499 /* GBLaunchCounter.h in Headers */ = {isa = PBXBuildFile; fileRef = 8A6239851705B52C00A35499 /* GBLaunchCounter.h */; settings = {ATTRIBUTES = (Public, ); }; };
/* End PBXBuildFile section */

/* Begin PBXContainerItemProxy section */
		8A6239951705B57200A35499 /* PBXContainerItemProxy */ = {
			isa = PBXContainerItemProxy;
			containerPortal = 8A62398D1705B57200A35499 /* GBStorageController.xcodeproj */;
			proxyType = 2;
			remoteGlobalIDString = 8A1F347C166B7F0E00F24A5F;
			remoteInfo = "GBStorageController-iOS";
		};
		8A6239971705B57200A35499 /* PBXContainerItemProxy */ = {
			isa = PBXContainerItemProxy;
			containerPortal = 8A62398D1705B57200A35499 /* GBStorageController.xcodeproj */;
			proxyType = 2;
			remoteGlobalIDString = 8A1F348D166B7F0E00F24A5F;
			remoteInfo = "GBStorageController-iOS-UnitTests";
		};
		8A6239991705B57200A35499 /* PBXContainerItemProxy */ = {
			isa = PBXContainerItemProxy;
			containerPortal = 8A62398D1705B57200A35499 /* GBStorageController.xcodeproj */;
			proxyType = 2;
			remoteGlobalIDString = 8ABE7BC016F32E280015FE1F;
			remoteInfo = "GBStorageController-OSX";
		};
		8A62399B1705B57200A35499 /* PBXContainerItemProxy */ = {
			isa = PBXContainerItemProxy;
			containerPortal = 8A62398D1705B57200A35499 /* GBStorageController.xcodeproj */;
			proxyType = 2;
			remoteGlobalIDString = 8ABE7BFB16F335F40015FE1F;
			remoteInfo = "GBStorageController-OSX-UnitTests";
		};
		8A62399F1705B68B00A35499 /* PBXContainerItemProxy */ = {
			isa = PBXContainerItemProxy;
			containerPortal = 8A62398D1705B57200A35499 /* GBStorageController.xcodeproj */;
			proxyType = 1;
			remoteGlobalIDString = 8ABE7BBF16F32E280015FE1F;
			remoteInfo = "GBStorageController-OSX";
		};
		8A6239A71705B86F00A35499 /* PBXContainerItemProxy */ = {
			isa = PBXContainerItemProxy;
			containerPortal = 8A6239A11705B86F00A35499 /* GBToolbox.xcodeproj */;
			proxyType = 2;
			remoteGlobalIDString = 8AD911B1162D9E2200C9D287;
			remoteInfo = "GBToolbox-iOS";
		};
		8A6239A91705B86F00A35499 /* PBXContainerItemProxy */ = {
			isa = PBXContainerItemProxy;
			containerPortal = 8A6239A11705B86F00A35499 /* GBToolbox.xcodeproj */;
			proxyType = 2;
			remoteGlobalIDString = 8A0C4E34165FA60C00A990FB;
			remoteInfo = GBToolboxUnitTests;
		};
		8A6239AB1705B86F00A35499 /* PBXContainerItemProxy */ = {
			isa = PBXContainerItemProxy;
			containerPortal = 8A6239A11705B86F00A35499 /* GBToolbox.xcodeproj */;
			proxyType = 2;
			remoteGlobalIDString = 8A0377FB16BFCD2F0096C448;
			remoteInfo = "GBToolbox-OSX";
		};
		8A6239AD1705B87400A35499 /* PBXContainerItemProxy */ = {
			isa = PBXContainerItemProxy;
			containerPortal = 8A6239A11705B86F00A35499 /* GBToolbox.xcodeproj */;
			proxyType = 1;
			remoteGlobalIDString = 8A0377FA16BFCD2F0096C448;
			remoteInfo = "GBToolbox-OSX";
		};
/* End PBXContainerItemProxy section */

/* Begin PBXFileReference section */
		8A6239751705B52B00A35499 /* GBLaunchCounter.framework */ = {isa = PBXFileReference; explicitFileType = wrapper.framework; includeInIndex = 0; path = GBLaunchCounter.framework; sourceTree = BUILT_PRODUCTS_DIR; };
		8A6239781705B52B00A35499 /* Cocoa.framework */ = {isa = PBXFileReference; lastKnownFileType = wrapper.framework; name = Cocoa.framework; path = System/Library/Frameworks/Cocoa.framework; sourceTree = SDKROOT; };
		8A62397B1705B52B00A35499 /* AppKit.framework */ = {isa = PBXFileReference; lastKnownFileType = wrapper.framework; name = AppKit.framework; path = System/Library/Frameworks/AppKit.framework; sourceTree = SDKROOT; };
		8A62397C1705B52B00A35499 /* CoreData.framework */ = {isa = PBXFileReference; lastKnownFileType = wrapper.framework; name = CoreData.framework; path = System/Library/Frameworks/CoreData.framework; sourceTree = SDKROOT; };
		8A62397D1705B52B00A35499 /* Foundation.framework */ = {isa = PBXFileReference; lastKnownFileType = wrapper.framework; name = Foundation.framework; path = System/Library/Frameworks/Foundation.framework; sourceTree = SDKROOT; };
		8A6239801705B52B00A35499 /* GBLaunchCounter-Info.plist */ = {isa = PBXFileReference; lastKnownFileType = text.plist.xml; path = "GBLaunchCounter-Info.plist"; sourceTree = "<group>"; };
		8A6239851705B52C00A35499 /* GBLaunchCounter.h */ = {isa = PBXFileReference; lastKnownFileType = sourcecode.c.h; path = GBLaunchCounter.h; sourceTree = "<group>"; };
		8A6239861705B52C00A35499 /* GBLaunchCounter.m */ = {isa = PBXFileReference; lastKnownFileType = sourcecode.c.objc; path = GBLaunchCounter.m; sourceTree = "<group>"; };
		8A62398D1705B57200A35499 /* GBStorageController.xcodeproj */ = {isa = PBXFileReference; lastKnownFileType = "wrapper.pb-project"; name = GBStorageController.xcodeproj; path = ../GBStorageController/GBStorageController.xcodeproj; sourceTree = "<group>"; };
		8A6239A11705B86F00A35499 /* GBToolbox.xcodeproj */ = {isa = PBXFileReference; lastKnownFileType = "wrapper.pb-project"; name = GBToolbox.xcodeproj; path = ../GBToolbox/GBToolbox.xcodeproj; sourceTree = "<group>"; };
/* End PBXFileReference section */

/* Begin PBXFrameworksBuildPhase section */
		8A6239711705B52B00A35499 /* Frameworks */ = {
			isa = PBXFrameworksBuildPhase;
			buildActionMask = 2147483647;
			files = (
				8A6239B01705B89100A35499 /* GBStorageController.framework in Frameworks */,
				8A6239AF1705B88F00A35499 /* GBToolbox.framework in Frameworks */,
				8A6239791705B52B00A35499 /* Cocoa.framework in Frameworks */,
			);
			runOnlyForDeploymentPostprocessing = 0;
		};
/* End PBXFrameworksBuildPhase section */

/* Begin PBXGroup section */
		8A62396B1705B52B00A35499 = {
			isa = PBXGroup;
			children = (
				8A62399D1705B57500A35499 /* Libraries */,
				8A62397E1705B52B00A35499 /* GBLaunchCounter */,
				8A6239771705B52B00A35499 /* Frameworks */,
				8A6239761705B52B00A35499 /* Products */,
			);
			sourceTree = "<group>";
		};
		8A6239761705B52B00A35499 /* Products */ = {
			isa = PBXGroup;
			children = (
				8A6239751705B52B00A35499 /* GBLaunchCounter.framework */,
			);
			name = Products;
			sourceTree = "<group>";
		};
		8A6239771705B52B00A35499 /* Frameworks */ = {
			isa = PBXGroup;
			children = (
				8A6239781705B52B00A35499 /* Cocoa.framework */,
				8A62397A1705B52B00A35499 /* Other Frameworks */,
			);
			name = Frameworks;
			sourceTree = "<group>";
		};
		8A62397A1705B52B00A35499 /* Other Frameworks */ = {
			isa = PBXGroup;
			children = (
				8A62397B1705B52B00A35499 /* AppKit.framework */,
				8A62397C1705B52B00A35499 /* CoreData.framework */,
				8A62397D1705B52B00A35499 /* Foundation.framework */,
			);
			name = "Other Frameworks";
			sourceTree = "<group>";
		};
		8A62397E1705B52B00A35499 /* GBLaunchCounter */ = {
			isa = PBXGroup;
			children = (
				8A6239851705B52C00A35499 /* GBLaunchCounter.h */,
				8A6239861705B52C00A35499 /* GBLaunchCounter.m */,
				8A62397F1705B52B00A35499 /* Supporting Files */,
			);
			path = GBLaunchCounter;
			sourceTree = "<group>";
		};
		8A62397F1705B52B00A35499 /* Supporting Files */ = {
			isa = PBXGroup;
			children = (
				8A6239801705B52B00A35499 /* GBLaunchCounter-Info.plist */,
			);
			name = "Supporting Files";
			sourceTree = "<group>";
		};
		8A62398E1705B57200A35499 /* Products */ = {
			isa = PBXGroup;
			children = (
				8A6239961705B57200A35499 /* libGBStorageController.a */,
				8A6239981705B57200A35499 /* GBStorageControllerTests.octest */,
				8A62399A1705B57200A35499 /* GBStorageController.framework */,
				8A62399C1705B57200A35499 /* GBStorageController-OSX-UnitTests.octest */,
			);
			name = Products;
			sourceTree = "<group>";
		};
		8A62399D1705B57500A35499 /* Libraries */ = {
			isa = PBXGroup;
			children = (
				8A6239A11705B86F00A35499 /* GBToolbox.xcodeproj */,
				8A62398D1705B57200A35499 /* GBStorageController.xcodeproj */,
			);
			name = Libraries;
			sourceTree = "<group>";
		};
		8A6239A21705B86F00A35499 /* Products */ = {
			isa = PBXGroup;
			children = (
				8A6239A81705B86F00A35499 /* libGBToolbox.a */,
				8A6239AA1705B86F00A35499 /* GBToolboxUnitTests.octest */,
				8A6239AC1705B86F00A35499 /* GBToolbox.framework */,
			);
			name = Products;
			sourceTree = "<group>";
		};
/* End PBXGroup section */

/* Begin PBXHeadersBuildPhase section */
		8A6239721705B52B00A35499 /* Headers */ = {
			isa = PBXHeadersBuildPhase;
			buildActionMask = 2147483647;
			files = (
				8A6239FB1705BFB100A35499 /* GBLaunchCounter.h in Headers */,
			);
			runOnlyForDeploymentPostprocessing = 0;
		};
/* End PBXHeadersBuildPhase section */

/* Begin PBXNativeTarget section */
		8A6239741705B52B00A35499 /* GBLaunchCounter */ = {
			isa = PBXNativeTarget;
			buildConfigurationList = 8A62398A1705B52C00A35499 /* Build configuration list for PBXNativeTarget "GBLaunchCounter" */;
			buildPhases = (
				8A6239701705B52B00A35499 /* Sources */,
				8A6239711705B52B00A35499 /* Frameworks */,
				8A6239721705B52B00A35499 /* Headers */,
				8A6239731705B52B00A35499 /* Resources */,
			);
			buildRules = (
			);
			dependencies = (
				8A6239AE1705B87400A35499 /* PBXTargetDependency */,
				8A6239A01705B68B00A35499 /* PBXTargetDependency */,
			);
			name = GBLaunchCounter;
			productName = GBLaunchCounter;
			productReference = 8A6239751705B52B00A35499 /* GBLaunchCounter.framework */;
			productType = "com.apple.product-type.framework";
		};
/* End PBXNativeTarget section */

/* Begin PBXProject section */
		8A62396C1705B52B00A35499 /* Project object */ = {
			isa = PBXProject;
			attributes = {
				LastUpgradeCheck = 0460;
				ORGANIZATIONNAME = Goonbee;
			};
			buildConfigurationList = 8A62396F1705B52B00A35499 /* Build configuration list for PBXProject "GBLaunchCounter" */;
			compatibilityVersion = "Xcode 3.2";
			developmentRegion = English;
			hasScannedForEncodings = 0;
			knownRegions = (
				en,
			);
			mainGroup = 8A62396B1705B52B00A35499;
			productRefGroup = 8A6239761705B52B00A35499 /* Products */;
			projectDirPath = "";
			projectReferences = (
				{
					ProductGroup = 8A62398E1705B57200A35499 /* Products */;
					ProjectRef = 8A62398D1705B57200A35499 /* GBStorageController.xcodeproj */;
				},
				{
					ProductGroup = 8A6239A21705B86F00A35499 /* Products */;
					ProjectRef = 8A6239A11705B86F00A35499 /* GBToolbox.xcodeproj */;
				},
			);
			projectRoot = "";
			targets = (
				8A6239741705B52B00A35499 /* GBLaunchCounter */,
			);
		};
/* End PBXProject section */

/* Begin PBXReferenceProxy section */
		8A6239961705B57200A35499 /* libGBStorageController.a */ = {
			isa = PBXReferenceProxy;
			fileType = archive.ar;
			path = libGBStorageController.a;
			remoteRef = 8A6239951705B57200A35499 /* PBXContainerItemProxy */;
			sourceTree = BUILT_PRODUCTS_DIR;
		};
		8A6239981705B57200A35499 /* GBStorageControllerTests.octest */ = {
			isa = PBXReferenceProxy;
			fileType = wrapper.cfbundle;
			name = GBStorageControllerTests.octest;
			path = "GBStorageController-iOS-UnitTests.octest";
			remoteRef = 8A6239971705B57200A35499 /* PBXContainerItemProxy */;
			sourceTree = BUILT_PRODUCTS_DIR;
		};
		8A62399A1705B57200A35499 /* GBStorageController.framework */ = {
			isa = PBXReferenceProxy;
			fileType = wrapper.framework;
			path = GBStorageController.framework;
			remoteRef = 8A6239991705B57200A35499 /* PBXContainerItemProxy */;
			sourceTree = BUILT_PRODUCTS_DIR;
		};
		8A62399C1705B57200A35499 /* GBStorageController-OSX-UnitTests.octest */ = {
			isa = PBXReferenceProxy;
			fileType = wrapper.cfbundle;
			path = "GBStorageController-OSX-UnitTests.octest";
			remoteRef = 8A62399B1705B57200A35499 /* PBXContainerItemProxy */;
			sourceTree = BUILT_PRODUCTS_DIR;
		};
		8A6239A81705B86F00A35499 /* libGBToolbox.a */ = {
			isa = PBXReferenceProxy;
			fileType = archive.ar;
			path = libGBToolbox.a;
			remoteRef = 8A6239A71705B86F00A35499 /* PBXContainerItemProxy */;
			sourceTree = BUILT_PRODUCTS_DIR;
		};
		8A6239AA1705B86F00A35499 /* GBToolboxUnitTests.octest */ = {
			isa = PBXReferenceProxy;
			fileType = wrapper.cfbundle;
			path = GBToolboxUnitTests.octest;
			remoteRef = 8A6239A91705B86F00A35499 /* PBXContainerItemProxy */;
			sourceTree = BUILT_PRODUCTS_DIR;
		};
		8A6239AC1705B86F00A35499 /* GBToolbox.framework */ = {
			isa = PBXReferenceProxy;
			fileType = wrapper.framework;
			path = GBToolbox.framework;
			remoteRef = 8A6239AB1705B86F00A35499 /* PBXContainerItemProxy */;
			sourceTree = BUILT_PRODUCTS_DIR;
		};
/* End PBXReferenceProxy section */

/* Begin PBXResourcesBuildPhase section */
		8A6239731705B52B00A35499 /* Resources */ = {
			isa = PBXResourcesBuildPhase;
			buildActionMask = 2147483647;
			files = (
			);
			runOnlyForDeploymentPostprocessing = 0;
		};
/* End PBXResourcesBuildPhase section */

/* Begin PBXSourcesBuildPhase section */
		8A6239701705B52B00A35499 /* Sources */ = {
			isa = PBXSourcesBuildPhase;
			buildActionMask = 2147483647;
			files = (
				8A6239871705B52C00A35499 /* GBLaunchCounter.m in Sources */,
			);
			runOnlyForDeploymentPostprocessing = 0;
		};
/* End PBXSourcesBuildPhase section */

/* Begin PBXTargetDependency section */
		8A6239A01705B68B00A35499 /* PBXTargetDependency */ = {
			isa = PBXTargetDependency;
			name = "GBStorageController-OSX";
			targetProxy = 8A62399F1705B68B00A35499 /* PBXContainerItemProxy */;
		};
		8A6239AE1705B87400A35499 /* PBXTargetDependency */ = {
			isa = PBXTargetDependency;
			name = "GBToolbox-OSX";
			targetProxy = 8A6239AD1705B87400A35499 /* PBXContainerItemProxy */;
		};
/* End PBXTargetDependency section */

/* Begin XCBuildConfiguration section */
		8A6239881705B52C00A35499 /* Debug */ = {
			isa = XCBuildConfiguration;
			buildSettings = {
				ALWAYS_SEARCH_USER_PATHS = NO;
				ARCHS = "$(ARCHS_STANDARD_64_BIT)";
				CLANG_CXX_LANGUAGE_STANDARD = "gnu++0x";
				CLANG_CXX_LIBRARY = "libc++";
				CLANG_ENABLE_OBJC_ARC = YES;
				CLANG_WARN_CONSTANT_CONVERSION = YES;
				CLANG_WARN_EMPTY_BODY = YES;
				CLANG_WARN_ENUM_CONVERSION = YES;
				CLANG_WARN_INT_CONVERSION = YES;
				CLANG_WARN__DUPLICATE_METHOD_MATCH = YES;
				COPY_PHASE_STRIP = NO;
				GCC_C_LANGUAGE_STANDARD = gnu99;
				GCC_DYNAMIC_NO_PIC = NO;
				GCC_ENABLE_OBJC_EXCEPTIONS = YES;
				GCC_OPTIMIZATION_LEVEL = 0;
				GCC_PREPROCESSOR_DEFINITIONS = (
					"DEBUG=1",
					"$(inherited)",
				);
				GCC_SYMBOLS_PRIVATE_EXTERN = NO;
				GCC_WARN_64_TO_32_BIT_CONVERSION = YES;
				GCC_WARN_ABOUT_RETURN_TYPE = YES;
				GCC_WARN_UNINITIALIZED_AUTOS = YES;
				GCC_WARN_UNUSED_VARIABLE = YES;
				MACOSX_DEPLOYMENT_TARGET = 10.6;
				ONLY_ACTIVE_ARCH = YES;
				SDKROOT = macosx;
				SKIP_INSTALL = YES;
			};
			name = Debug;
		};
		8A6239891705B52C00A35499 /* Release */ = {
			isa = XCBuildConfiguration;
			buildSettings = {
				ALWAYS_SEARCH_USER_PATHS = NO;
				ARCHS = "$(ARCHS_STANDARD_64_BIT)";
				CLANG_CXX_LANGUAGE_STANDARD = "gnu++0x";
				CLANG_CXX_LIBRARY = "libc++";
				CLANG_ENABLE_OBJC_ARC = YES;
				CLANG_WARN_CONSTANT_CONVERSION = YES;
				CLANG_WARN_EMPTY_BODY = YES;
				CLANG_WARN_ENUM_CONVERSION = YES;
				CLANG_WARN_INT_CONVERSION = YES;
				CLANG_WARN__DUPLICATE_METHOD_MATCH = YES;
				COPY_PHASE_STRIP = YES;
				DEBUG_INFORMATION_FORMAT = "dwarf-with-dsym";
				GCC_C_LANGUAGE_STANDARD = gnu99;
				GCC_ENABLE_OBJC_EXCEPTIONS = YES;
				GCC_WARN_64_TO_32_BIT_CONVERSION = YES;
				GCC_WARN_ABOUT_RETURN_TYPE = YES;
				GCC_WARN_UNINITIALIZED_AUTOS = YES;
				GCC_WARN_UNUSED_VARIABLE = YES;
				MACOSX_DEPLOYMENT_TARGET = 10.6;
				SDKROOT = macosx;
				SKIP_INSTALL = YES;
			};
			name = Release;
		};
		8A62398B1705B52C00A35499 /* Debug */ = {
			isa = XCBuildConfiguration;
			buildSettings = {
				COMBINE_HIDPI_IMAGES = YES;
				DYLIB_COMPATIBILITY_VERSION = 1;
				DYLIB_CURRENT_VERSION = 1;
				FRAMEWORK_VERSION = A;
				GCC_PRECOMPILE_PREFIX_HEADER = YES;
				INFOPLIST_FILE = "GBLaunchCounter/GBLaunchCounter-Info.plist";
				INSTALL_PATH = "@executable_path/../Frameworks";
				PRODUCT_NAME = "$(TARGET_NAME)";
				WRAPPER_EXTENSION = framework;
			};
			name = Debug;
		};
		8A62398C1705B52C00A35499 /* Release */ = {
			isa = XCBuildConfiguration;
			buildSettings = {
				COMBINE_HIDPI_IMAGES = YES;
				DYLIB_COMPATIBILITY_VERSION = 1;
				DYLIB_CURRENT_VERSION = 1;
				FRAMEWORK_VERSION = A;
				GCC_PRECOMPILE_PREFIX_HEADER = YES;
				INFOPLIST_FILE = "GBLaunchCounter/GBLaunchCounter-Info.plist";
				INSTALL_PATH = "@executable_path/../Frameworks";
				PRODUCT_NAME = "$(TARGET_NAME)";
				WRAPPER_EXTENSION = framework;
			};
			name = Release;
		};
/* End XCBuildConfiguration section */

/* Begin XCConfigurationList section */
		8A62396F1705B52B00A35499 /* Build configuration list for PBXProject "GBLaunchCounter" */ = {
			isa = XCConfigurationList;
			buildConfigurations = (
				8A6239881705B52C00A35499 /* Debug */,
				8A6239891705B52C00A35499 /* Release */,
			);
			defaultConfigurationIsVisible = 0;
			defaultConfigurationName = Release;
		};
		8A62398A1705B52C00A35499 /* Build configuration list for PBXNativeTarget "GBLaunchCounter" */ = {
			isa = XCConfigurationList;
			buildConfigurations = (
				8A62398B1705B52C00A35499 /* Debug */,
				8A62398C1705B52C00A35499 /* Release */,
			);
			defaultConfigurationIsVisible = 0;
			defaultConfigurationName = Release;
		};
/* End XCConfigurationList section */
	};
	rootObject = 8A62396C1705B52B00A35499 /* Project object */;
}
